{
  "name": "CipherGate",
  "lockfileVersion": 3,
  "requires": true,
  "packages": {
    "": {
      "dependencies": {
        "caveman-installer": "github:JuliusBrussee/caveman"
      }
    },
    "node_modules/caveman-installer": {
      "version": "0.1.0",
      "resolved": "git+ssh://git@github.com/JuliusBrussee/caveman.git#25d22f864ad68cc447a4cb93aefde918aa4aec9f",
      "license": "MIT",
      "bin": {
        "caveman": "bin/install.js"
      },
      "engines": {
        "node": ">=18"
      }
    }
  }
}
